
Microsoft Visual Studio Solution File, Format Version 12.00
# Visual Studio Version 17
VisualStudioVersion = 17.3.32929.385
MinimumVisualStudioVersion = 10.0.40219.1
Project("{FAE04EC0-301F-11D3-BF4B-00C04F79EFBC}") = "SLVP_Uge4_Fødselsdage", "SLVP_Uge4_Fødselsdage.csproj", "{5989B604-3D73-4A52-864A-FEC3305505D4}"
EndProject
Global
	GlobalSection(SolutionConfigurationPlatforms) = preSolution
		Debug|Any CPU = Debug|Any CPU
		Release|Any CPU = Release|Any CPU
	EndGlobalSection
	GlobalSection(ProjectConfigurationPlatforms) = postSolution
		{5989B604-3D73-4A52-864A-FEC3305505D4}.Debug|Any CPU.ActiveCfg = Debug|Any CPU
		{5989B604-3D73-4A52-864A-FEC3305505D4}.Debug|Any CPU.Build.0 = Debug|Any CPU
		{5989B604-3D73-4A52-864A-FEC3305505D4}.Release|Any CPU.ActiveCfg = Release|Any CPU
		{5989B604-3D73-4A52-864A-FEC3305505D4}.Release|Any CPU.Build.0 = Release|Any CPU
	EndGlobalSection
	GlobalSection(SolutionProperties) = preSolution
		HideSolutionNode = FALSE
	EndGlobalSection
	GlobalSection(ExtensibilityGlobals) = postSolution
		SolutionGuid = {46676C57-3E1C-4119-97DC-72F2E4390837}
	EndGlobalSection
EndGlobal
